
Microsoft Visual Studio Solution File, Format Version 12.00
# Visual Studio Version 16
VisualStudioVersion = 16.0.31605.320
MinimumVisualStudioVersion = 10.0.40219.1
Project("{FAE04EC0-301F-11D3-BF4B-00C04F79EFBC}") = "PandellAssignment1", "PandellAssignment1.csproj", "{099E9F82-B7FD-412B-BBBF-E63569D51491}"
EndProject
Global
	GlobalSection(SolutionConfigurationPlatforms) = preSolution
		Debug|Any CPU = Debug|Any CPU
		Release|Any CPU = Release|Any CPU
	EndGlobalSection
	GlobalSection(ProjectConfigurationPlatforms) = postSolution
		{099E9F82-B7FD-412B-BBBF-E63569D51491}.Debug|Any CPU.ActiveCfg = Debug|Any CPU
		{099E9F82-B7FD-412B-BBBF-E63569D51491}.Debug|Any CPU.Build.0 = Debug|Any CPU
		{099E9F82-B7FD-412B-BBBF-E63569D51491}.Release|Any CPU.ActiveCfg = Release|Any CPU
		{099E9F82-B7FD-412B-BBBF-E63569D51491}.Release|Any CPU.Build.0 = Release|Any CPU
	EndGlobalSection
	GlobalSection(SolutionProperties) = preSolution
		HideSolutionNode = FALSE
	EndGlobalSection
	GlobalSection(ExtensibilityGlobals) = postSolution
		SolutionGuid = {497F4493-057E-4745-941F-537E7D8A6249}
	EndGlobalSection
EndGlobal
